
Microsoft Visual Studio Solution File, Format Version 12.00
# Visual Studio Version 16
VisualStudioVersion = 16.0.31129.286
MinimumVisualStudioVersion = 10.0.40219.1
Project("{FAE04EC0-301F-11D3-BF4B-00C04F79EFBC}") = "ArduinoHWMonitor", "ArduinoHWMonitor.csproj", "{04F51CFE-DDE8-456E-B5FC-FBD4A466F701}"
EndProject
Global
	GlobalSection(SolutionConfigurationPlatforms) = preSolution
		Debug|Any CPU = Debug|Any CPU
		Release|Any CPU = Release|Any CPU
	EndGlobalSection
	GlobalSection(ProjectConfigurationPlatforms) = postSolution
		{04F51CFE-DDE8-456E-B5FC-FBD4A466F701}.Debug|Any CPU.ActiveCfg = Debug|Any CPU
		{04F51CFE-DDE8-456E-B5FC-FBD4A466F701}.Debug|Any CPU.Build.0 = Debug|Any CPU
		{04F51CFE-DDE8-456E-B5FC-FBD4A466F701}.Release|Any CPU.ActiveCfg = Release|Any CPU
		{04F51CFE-DDE8-456E-B5FC-FBD4A466F701}.Release|Any CPU.Build.0 = Release|Any CPU
	EndGlobalSection
	GlobalSection(SolutionProperties) = preSolution
		HideSolutionNode = FALSE
	EndGlobalSection
	GlobalSection(ExtensibilityGlobals) = postSolution
		SolutionGuid = {FF6D203E-645D-4B88-8942-2458D5214B66}
	EndGlobalSection
EndGlobal
